
Microsoft Visual Studio Solution File, Format Version 12.00
# Visual Studio Version 17
VisualStudioVersion = 17.0.32014.148
MinimumVisualStudioVersion = 10.0.40219.1
Project("{9A19103F-16F7-4668-BE54-9A1E7A4F7556}") = "Reunio Social", "Reunio Social\Reunio Social.csproj", "{FD1BC410-CBD8-4871-8212-F9E25E350FDB}"
EndProject
Project("{9A19103F-16F7-4668-BE54-9A1E7A4F7556}") = "ClassLibrary", "ClassLibrary\ClassLibrary.csproj", "{0BA7594B-5E9B-4867-A6D8-02D38EA44A02}"
EndProject
Global
	GlobalSection(SolutionConfigurationPlatforms) = preSolution
		Debug|Any CPU = Debug|Any CPU
		Release|Any CPU = Release|Any CPU
	EndGlobalSection
	GlobalSection(ProjectConfigurationPlatforms) = postSolution
		{FD1BC410-CBD8-4871-8212-F9E25E350FDB}.Debug|Any CPU.ActiveCfg = Debug|Any CPU
		{FD1BC410-CBD8-4871-8212-F9E25E350FDB}.Debug|Any CPU.Build.0 = Debug|Any CPU
		{FD1BC410-CBD8-4871-8212-F9E25E350FDB}.Release|Any CPU.ActiveCfg = Release|Any CPU
		{FD1BC410-CBD8-4871-8212-F9E25E350FDB}.Release|Any CPU.Build.0 = Release|Any CPU
		{0BA7594B-5E9B-4867-A6D8-02D38EA44A02}.Debug|Any CPU.ActiveCfg = Debug|Any CPU
		{0BA7594B-5E9B-4867-A6D8-02D38EA44A02}.Debug|Any CPU.Build.0 = Debug|Any CPU
		{0BA7594B-5E9B-4867-A6D8-02D38EA44A02}.Release|Any CPU.ActiveCfg = Release|Any CPU
		{0BA7594B-5E9B-4867-A6D8-02D38EA44A02}.Release|Any CPU.Build.0 = Release|Any CPU
	EndGlobalSection
	GlobalSection(SolutionProperties) = preSolution
		HideSolutionNode = FALSE
	EndGlobalSection
	GlobalSection(ExtensibilityGlobals) = postSolution
		SolutionGuid = {F54A7B80-DFCA-4572-85CD-F0E35927585C}
	EndGlobalSection
EndGlobal
